
Microsoft Visual Studio Solution File, Format Version 12.00
# Visual Studio Version 16
VisualStudioVersion = 16.0.31729.503
MinimumVisualStudioVersion = 10.0.40219.1
Project("{FAE04EC0-301F-11D3-BF4B-00C04F79EFBC}") = "Rec1", "Rec1.csproj", "{8C677888-6DBA-44B5-AA42-B2EAE383E95C}"
EndProject
Global
	GlobalSection(SolutionConfigurationPlatforms) = preSolution
		Debug|Any CPU = Debug|Any CPU
		Release|Any CPU = Release|Any CPU
	EndGlobalSection
	GlobalSection(ProjectConfigurationPlatforms) = postSolution
		{8C677888-6DBA-44B5-AA42-B2EAE383E95C}.Debug|Any CPU.ActiveCfg = Debug|Any CPU
		{8C677888-6DBA-44B5-AA42-B2EAE383E95C}.Debug|Any CPU.Build.0 = Debug|Any CPU
		{8C677888-6DBA-44B5-AA42-B2EAE383E95C}.Release|Any CPU.ActiveCfg = Release|Any CPU
		{8C677888-6DBA-44B5-AA42-B2EAE383E95C}.Release|Any CPU.Build.0 = Release|Any CPU
	EndGlobalSection
	GlobalSection(SolutionProperties) = preSolution
		HideSolutionNode = FALSE
	EndGlobalSection
	GlobalSection(ExtensibilityGlobals) = postSolution
		SolutionGuid = {0BB9D564-D8CB-4C15-8234-AAA9F3911FEB}
	EndGlobalSection
EndGlobal
